# THIS IS AN AUTOGENERATED FILE. DO NOT EDIT THIS FILE DIRECTLY.
# yarn lockfile v1


"@ampproject/remapping@^2.1.0":
  version "2.2.0"
  resolved "https://registry.npmjs.org/@ampproject/remapping/-/remapping-2.2.0.tgz"
  dependencies:
    "@jridgewell/gen-mapping" "^0.1.0"
    "@jridgewell/trace-mapping" "^0.3.9"

"@babel/code-frame@^7.18.6":
  version "7.18.6"
  resolved "https://registry.npmjs.org/@babel/code-frame/-/code-frame-7.18.6.tgz"
  dependencies:
    "@babel/highlight" "^7.18.6"

"@babel/compat-data@^7.19.1":
  version "7.19.1"
  resolved "https://registry.npmjs.org/@babel/compat-data/-/compat-data-7.19.1.tgz"

"@babel/core@^7.18.13":
  version "7.19.1"
  resolved "https://registry.npmjs.org/@babel/core/-/core-7.19.1.tgz"
  dependencies:
    "@ampproject/remapping" "^2.1.0"
    "@babel/code-frame" "^7.18.6"
    "@babel/generator" "^7.19.0"
    "@babel/helper-compilation-targets" "^7.19.1"
    "@babel/helper-module-transforms" "^7.19.0"
    "@babel/helpers" "^7.19.0"
    "@babel/parser" "^7.19.1"
    "@babel/template" "^7.18.10"
    "@babel/traverse" "^7.19.1"
    "@babel/types" "^7.19.0"
    convert-source-map "^1.7.0"
    debug "^4.1.0"
    gensync "^1.0.0-beta.2"
    json5 "^2.2.1"
    semver "^6.3.0"

"@babel/generator@^7.19.0":
  version "7.19.0"
  resolved "https://registry.npmjs.org/@babel/generator/-/generator-7.19.0.tgz"
  dependencies:
    "@babel/types" "^7.19.0"
    "@jridgewell/gen-mapping" "^0.3.2"
    jsesc "^2.5.1"

"@babel/helper-annotate-as-pure@^7.18.6":
  version "7.18.6"
  resolved "https://registry.npmjs.org/@babel/helper-annotate-as-pure/-/helper-annotate-as-pure-7.18.6.tgz"
  dependencies:
    "@babel/types" "^7.18.6"

"@babel/helper-compilation-targets@^7.19.1":
  version "7.19.1"
  resolved "https://registry.npmjs.org/@babel/helper-compilation-targets/-/helper-compilation-targets-7.19.1.tgz"
  dependencies:
    "@babel/compat-data" "^7.19.1"
    "@babel/helper-validator-option" "^7.18.6"
    browserslist "^4.21.3"
    semver "^6.3.0"

"@babel/helper-environment-visitor@^7.18.9":
  version "7.18.9"
  resolved "https://registry.npmjs.org/@babel/helper-environment-visitor/-/helper-environment-visitor-7.18.9.tgz"

"@babel/helper-function-name@^7.19.0":
  version "7.19.0"
  resolved "https://registry.npmjs.org/@babel/helper-function-name/-/helper-function-name-7.19.0.tgz"
  dependencies:
    "@babel/template" "^7.18.10"
    "@babel/types" "^7.19.0"

"@babel/helper-hoist-variables@^7.18.6":
  version "7.18.6"
  resolved "https://registry.npmjs.org/@babel/helper-hoist-variables/-/helper-hoist-variables-7.18.6.tgz"
  dependencies:
    "@babel/types" "^7.18.6"

"@babel/helper-module-imports@^7.18.6":
  version "7.18.6"
  resolved "https://registry.npmjs.org/@babel/helper-module-imports/-/helper-module-imports-7.18.6.tgz"
  dependencies:
    "@babel/types" "^7.18.6"

"@babel/helper-module-transforms@^7.19.0":
  version "7.19.0"
  resolved "https://registry.npmjs.org/@babel/helper-module-transforms/-/helper-module-transforms-7.19.0.tgz"
  dependencies:
    "@babel/helper-environment-visitor" "^7.18.9"
    "@babel/helper-module-imports" "^7.18.6"
    "@babel/helper-simple-access" "^7.18.6"
    "@babel/helper-split-export-declaration" "^7.18.6"
    "@babel/helper-validator-identifier" "^7.18.6"
    "@babel/template" "^7.18.10"
    "@babel/traverse" "^7.19.0"
    "@babel/types" "^7.19.0"

"@babel/helper-plugin-utils@^7.18.6", "@babel/helper-plugin-utils@^7.19.0":
  version "7.19.0"
  resolved "https://registry.npmjs.org/@babel/helper-plugin-utils/-/helper-plugin-utils-7.19.0.tgz"

"@babel/helper-simple-access@^7.18.6":
  version "7.18.6"
  resolved "https://registry.npmjs.org/@babel/helper-simple-access/-/helper-simple-access-7.18.6.tgz"
  dependencies:
    "@babel/types" "^7.18.6"

"@babel/helper-split-export-declaration@^7.18.6":
  version "7.18.6"
  resolved "https://registry.npmjs.org/@babel/helper-split-export-declaration/-/helper-split-export-declaration-7.18.6.tgz"
  dependencies:
    "@babel/types" "^7.18.6"

"@babel/helper-string-parser@^7.18.10":
  version "7.18.10"
  resolved "https://registry.npmjs.org/@babel/helper-string-parser/-/helper-string-parser-7.18.10.tgz"

"@babel/helper-validator-identifier@^7.18.6":
  version "7.19.1"
  resolved "https://registry.npmjs.org/@babel/helper-validator-identifier/-/helper-validator-identifier-7.19.1.tgz"

"@babel/helper-validator-option@^7.18.6":
  version "7.18.6"
  resolved "https://registry.npmjs.org/@babel/helper-validator-option/-/helper-validator-option-7.18.6.tgz"

"@babel/helpers@^7.19.0":
  version "7.19.0"
  resolved "https://registry.npmjs.org/@babel/helpers/-/helpers-7.19.0.tgz"
  dependencies:
    "@babel/template" "^7.18.10"
    "@babel/traverse" "^7.19.0"
    "@babel/types" "^7.19.0"

"@babel/highlight@^7.18.6":
  version "7.18.6"
  resolved "https://registry.npmjs.org/@babel/highlight/-/highlight-7.18.6.tgz"
  dependencies:
    "@babel/helper-validator-identifier" "^7.18.6"
    chalk "^2.0.0"
    js-tokens "^4.0.0"

"@babel/parser@^7.18.10", "@babel/parser@^7.19.1":
  version "7.19.1"
  resolved "https://registry.npmjs.org/@babel/parser/-/parser-7.19.1.tgz"

"@babel/plugin-syntax-jsx@^7.18.6":
  version "7.18.6"
  resolved "https://registry.npmjs.org/@babel/plugin-syntax-jsx/-/plugin-syntax-jsx-7.18.6.tgz"
  dependencies:
    "@babel/helper-plugin-utils" "^7.18.6"

"@babel/plugin-transform-react-jsx-development@^7.18.6":
  version "7.18.6"
  resolved "https://registry.npmjs.org/@babel/plugin-transform-react-jsx-development/-/plugin-transform-react-jsx-development-7.18.6.tgz"
  dependencies:
    "@babel/plugin-transform-react-jsx" "^7.18.6"

"@babel/plugin-transform-react-jsx-self@^7.18.6":
  version "7.18.6"
  resolved "https://registry.npmjs.org/@babel/plugin-transform-react-jsx-self/-/plugin-transform-react-jsx-self-7.18.6.tgz"
  dependencies:
    "@babel/helper-plugin-utils" "^7.18.6"

"@babel/plugin-transform-react-jsx-source@^7.18.6":
  version "7.18.6"
  resolved "https://registry.npmjs.org/@babel/plugin-transform-react-jsx-source/-/plugin-transform-react-jsx-source-7.18.6.tgz"
  dependencies:
    "@babel/helper-plugin-utils" "^7.18.6"

"@babel/plugin-transform-react-jsx@^7.18.10", "@babel/plugin-transform-react-jsx@^7.18.6":
  version "7.19.0"
  resolved "https://registry.npmjs.org/@babel/plugin-transform-react-jsx/-/plugin-transform-react-jsx-7.19.0.tgz"
  dependencies:
    "@babel/helper-annotate-as-pure" "^7.18.6"
    "@babel/helper-module-imports" "^7.18.6"
    "@babel/helper-plugin-utils" "^7.19.0"
    "@babel/plugin-syntax-jsx" "^7.18.6"
    "@babel/types" "^7.19.0"

"@babel/template@^7.18.10":
  version "7.18.10"
  resolved "https://registry.npmjs.org/@babel/template/-/template-7.18.10.tgz"
  dependencies:
    "@babel/code-frame" "^7.18.6"
    "@babel/parser" "^7.18.10"
    "@babel/types" "^7.18.10"

"@babel/traverse@^7.19.0", "@babel/traverse@^7.19.1":
  version "7.19.1"
  resolved "https://registry.npmjs.org/@babel/traverse/-/traverse-7.19.1.tgz"
  dependencies:
    "@babel/code-frame" "^7.18.6"
    "@babel/generator" "^7.19.0"
    "@babel/helper-environment-visitor" "^7.18.9"
    "@babel/helper-function-name" "^7.19.0"
    "@babel/helper-hoist-variables" "^7.18.6"
    "@babel/helper-split-export-declaration" "^7.18.6"
    "@babel/parser" "^7.19.1"
    "@babel/types" "^7.19.0"
    debug "^4.1.0"
    globals "^11.1.0"

"@babel/types@^7.18.10", "@babel/types@^7.18.6", "@babel/types@^7.19.0":
  version "7.19.0"
  resolved "https://registry.npmjs.org/@babel/types/-/types-7.19.0.tgz"
  dependencies:
    "@babel/helper-string-parser" "^7.18.10"
    "@babel/helper-validator-identifier" "^7.18.6"
    to-fast-properties "^2.0.0"

"@esbuild/android-arm@0.15.8":
  version "0.15.8"
  resolved "https://registry.yarnpkg.com/@esbuild/android-arm/-/android-arm-0.15.8.tgz#52b094c98e415ec72fab39827c12f2051ac9c550"
  dependencies:
    esbuild-wasm "0.15.8"

"@esbuild/linux-loong64@0.15.8":
  version "0.15.8"
  resolved "https://registry.yarnpkg.com/@esbuild/linux-loong64/-/linux-loong64-0.15.8.tgz#d64575fc46bf4eb689352aa9f8a139271b6e1647"

"@jridgewell/gen-mapping@^0.1.0":
  version "0.1.1"
  resolved "https://registry.npmjs.org/@jridgewell/gen-mapping/-/gen-mapping-0.1.1.tgz"
  dependencies:
    "@jridgewell/set-array" "^1.0.0"
    "@jridgewell/sourcemap-codec" "^1.4.10"

"@jridgewell/gen-mapping@^0.3.2":
  version "0.3.2"
  resolved "https://registry.npmjs.org/@jridgewell/gen-mapping/-/gen-mapping-0.3.2.tgz"
  dependencies:
    "@jridgewell/set-array" "^1.0.1"
    "@jridgewell/sourcemap-codec" "^1.4.10"
    "@jridgewell/trace-mapping" "^0.3.9"

"@jridgewell/resolve-uri@^3.0.3":
  version "3.1.0"
  resolved "https://registry.npmjs.org/@jridgewell/resolve-uri/-/resolve-uri-3.1.0.tgz"

"@jridgewell/set-array@^1.0.0", "@jridgewell/set-array@^1.0.1":
  version "1.1.2"
  resolved "https://registry.npmjs.org/@jridgewell/set-array/-/set-array-1.1.2.tgz"

"@jridgewell/sourcemap-codec@^1.4.10":
  version "1.4.14"
  resolved "https://registry.npmjs.org/@jridgewell/sourcemap-codec/-/sourcemap-codec-1.4.14.tgz"

"@jridgewell/trace-mapping@^0.3.9":
  version "0.3.15"
  resolved "https://registry.npmjs.org/@jridgewell/trace-mapping/-/trace-mapping-0.3.15.tgz"
  dependencies:
    "@jridgewell/resolve-uri" "^3.0.3"
    "@jridgewell/sourcemap-codec" "^1.4.10"

"@scarf/scarf@^1.1.1":
  version "1.1.1"
  resolved "https://registry.npmjs.org/@scarf/scarf/-/scarf-1.1.1.tgz"

"@tanstack/query-core@4.3.8":
  version "4.3.8"
  resolved "https://registry.npmjs.org/@tanstack/query-core/-/query-core-4.3.8.tgz"

"@tanstack/react-query@^4.3.9":
  version "4.3.9"
  resolved "https://registry.npmjs.org/@tanstack/react-query/-/react-query-4.3.9.tgz"
  dependencies:
    "@tanstack/query-core" "4.3.8"
    use-sync-external-store "^1.2.0"

"@twa-dev/sdk@^0.0.11":
  version "0.0.11"
  resolved "https://registry.npmjs.org/@twa-dev/sdk/-/sdk-0.0.11.tgz"
  dependencies:
    "@twa-dev/types" "^6.2.4"

"@twa-dev/types@^6.2.4":
  version "6.2.4"
  resolved "https://registry.npmjs.org/@twa-dev/types/-/types-6.2.4.tgz"

"@types/bn.js@^5.1.0":
  version "5.1.1"
  resolved "https://registry.npmjs.org/@types/bn.js/-/bn.js-5.1.1.tgz"
  dependencies:
    "@types/node" "*"

"@types/node@*":
  version "18.7.18"
  resolved "https://registry.npmjs.org/@types/node/-/node-18.7.18.tgz"

"@types/prop-types@*":
  version "15.7.5"
  resolved "https://registry.npmjs.org/@types/prop-types/-/prop-types-15.7.5.tgz"

"@types/react-dom@^18.0.6":
  version "18.0.6"
  resolved "https://registry.npmjs.org/@types/react-dom/-/react-dom-18.0.6.tgz"
  dependencies:
    "@types/react" "*"

"@types/react@*", "@types/react@^18.0.17":
  version "18.0.20"
  resolved "https://registry.npmjs.org/@types/react/-/react-18.0.20.tgz"
  dependencies:
    "@types/prop-types" "*"
    "@types/scheduler" "*"
    csstype "^3.0.2"

"@types/scheduler@*":
  version "0.16.2"
  resolved "https://registry.npmjs.org/@types/scheduler/-/scheduler-0.16.2.tgz"

"@vitejs/plugin-react@^2.1.0":
  version "2.1.0"
  resolved "https://registry.npmjs.org/@vitejs/plugin-react/-/plugin-react-2.1.0.tgz"
  dependencies:
    "@babel/core" "^7.18.13"
    "@babel/plugin-transform-react-jsx" "^7.18.10"
    "@babel/plugin-transform-react-jsx-development" "^7.18.6"
    "@babel/plugin-transform-react-jsx-self" "^7.18.6"
    "@babel/plugin-transform-react-jsx-source" "^7.18.6"
    magic-string "^0.26.2"
    react-refresh "^0.14.0"

ansi-styles@^3.2.1:
  version "3.2.1"
  resolved "https://registry.npmjs.org/ansi-styles/-/ansi-styles-3.2.1.tgz"
  dependencies:
    color-convert "^1.9.0"

asynckit@^0.4.0:
  version "0.4.0"
  resolved "https://registry.npmjs.org/asynckit/-/asynckit-0.4.0.tgz"

axios@^0.25.0:
  version "0.25.0"
  resolved "https://registry.npmjs.org/axios/-/axios-0.25.0.tgz"
  dependencies:
    follow-redirects "^1.14.7"

axios@^0.27.0:
  version "0.27.2"
  resolved "https://registry.npmjs.org/axios/-/axios-0.27.2.tgz"
  dependencies:
    follow-redirects "^1.14.9"
    form-data "^4.0.0"

base64-js@^1.3.1:
  version "1.5.1"
  resolved "https://registry.npmjs.org/base64-js/-/base64-js-1.5.1.tgz"

bn.js@4.11.6:
  version "4.11.6"
  resolved "https://registry.npmjs.org/bn.js/-/bn.js-4.11.6.tgz"

bn.js@5.2.0, bn.js@^5.2.0:
  version "5.2.0"
  resolved "https://registry.npmjs.org/bn.js/-/bn.js-5.2.0.tgz"

browserslist@^4.21.3:
  version "4.21.4"
  resolved "https://registry.npmjs.org/browserslist/-/browserslist-4.21.4.tgz"
  dependencies:
    caniuse-lite "^1.0.30001400"
    electron-to-chromium "^1.4.251"
    node-releases "^2.0.6"
    update-browserslist-db "^1.0.9"

buffer@^6.0.3:
  version "6.0.3"
  resolved "https://registry.npmjs.org/buffer/-/buffer-6.0.3.tgz"
  dependencies:
    base64-js "^1.3.1"
    ieee754 "^1.2.1"

caniuse-lite@^1.0.30001400:
  version "1.0.30001409"
  resolved "https://registry.npmjs.org/caniuse-lite/-/caniuse-lite-1.0.30001409.tgz"

chalk@^2.0.0:
  version "2.4.2"
  resolved "https://registry.npmjs.org/chalk/-/chalk-2.4.2.tgz"
  dependencies:
    ansi-styles "^3.2.1"
    escape-string-regexp "^1.0.5"
    supports-color "^5.3.0"

color-convert@^1.9.0:
  version "1.9.3"
  resolved "https://registry.npmjs.org/color-convert/-/color-convert-1.9.3.tgz"
  dependencies:
    color-name "1.1.3"

color-name@1.1.3:
  version "1.1.3"
  resolved "https://registry.npmjs.org/color-name/-/color-name-1.1.3.tgz"

combined-stream@^1.0.8:
  version "1.0.8"
  resolved "https://registry.npmjs.org/combined-stream/-/combined-stream-1.0.8.tgz"
  dependencies:
    delayed-stream "~1.0.0"

convert-source-map@^1.7.0:
  version "1.8.0"
  resolved "https://registry.npmjs.org/convert-source-map/-/convert-source-map-1.8.0.tgz"
  dependencies:
    safe-buffer "~5.1.1"

csstype@^3.0.2:
  version "3.1.1"
  resolved "https://registry.npmjs.org/csstype/-/csstype-3.1.1.tgz"

dataloader@^2.0.0:
  version "2.1.0"
  resolved "https://registry.npmjs.org/dataloader/-/dataloader-2.1.0.tgz"

debug@^4.1.0:
  version "4.3.4"
  resolved "https://registry.npmjs.org/debug/-/debug-4.3.4.tgz"
  dependencies:
    ms "2.1.2"

delayed-stream@~1.0.0:
  version "1.0.0"
  resolved "https://registry.npmjs.org/delayed-stream/-/delayed-stream-1.0.0.tgz"

electron-to-chromium@^1.4.251:
  version "1.4.256"
  resolved "https://registry.npmjs.org/electron-to-chromium/-/electron-to-chromium-1.4.256.tgz"

esbuild-android-64@0.15.8:
  version "0.15.8"
  resolved "https://registry.yarnpkg.com/esbuild-android-64/-/esbuild-android-64-0.15.8.tgz#625863e705d4ed32a3b4c0b997dbf9454d50a455"
  dependencies:
    esbuild-wasm "0.15.8"

esbuild-android-arm64@0.15.8:
  version "0.15.8"
  resolved "https://registry.yarnpkg.com/esbuild-android-arm64/-/esbuild-android-arm64-0.15.8.tgz#cd62afe08652ac146014386d3adbe7a9d33db1b0"

esbuild-darwin-64@0.15.8:
  version "0.15.8"
  resolved "https://registry.npmjs.org/esbuild-darwin-64/-/esbuild-darwin-64-0.15.8.tgz"

esbuild-darwin-arm64@0.15.8:
  version "0.15.8"
  resolved "https://registry.yarnpkg.com/esbuild-darwin-arm64/-/esbuild-darwin-arm64-0.15.8.tgz#91c110daa46074fdfc18f411247ca0d1228aacc3"

esbuild-freebsd-64@0.15.8:
  version "0.15.8"
  resolved "https://registry.yarnpkg.com/esbuild-freebsd-64/-/esbuild-freebsd-64-0.15.8.tgz#22270945a9bf9107c340eb73922e122bbe84f8ad"

esbuild-freebsd-arm64@0.15.8:
  version "0.15.8"
  resolved "https://registry.yarnpkg.com/esbuild-freebsd-arm64/-/esbuild-freebsd-arm64-0.15.8.tgz#0efe2741fbcaa2cfd31b9f94bd3ca7385b68c469"

esbuild-linux-32@0.15.8:
  version "0.15.8"
  resolved "https://registry.yarnpkg.com/esbuild-linux-32/-/esbuild-linux-32-0.15.8.tgz#6fc98659105da5c0d1fedfce3b7b9fa24ebee0d4"

esbuild-linux-64@0.15.8:
  version "0.15.8"
  resolved "https://registry.yarnpkg.com/esbuild-linux-64/-/esbuild-linux-64-0.15.8.tgz#8e738c926d145cdd4e9bcb2febc96d89dc27dc09"

esbuild-linux-arm64@0.15.8:
  version "0.15.8"
  resolved "https://registry.yarnpkg.com/esbuild-linux-arm64/-/esbuild-linux-arm64-0.15.8.tgz#a12675e5a56e8ef08dea49da8eed51a87b0e60d6"

esbuild-linux-arm@0.15.8:
  version "0.15.8"
  resolved "https://registry.yarnpkg.com/esbuild-linux-arm/-/esbuild-linux-arm-0.15.8.tgz#6424da1e8a3ece78681ebee4a70477b40c36ab35"

esbuild-linux-mips64le@0.15.8:
  version "0.15.8"
  resolved "https://registry.yarnpkg.com/esbuild-linux-mips64le/-/esbuild-linux-mips64le-0.15.8.tgz#5b39a16272cb4eaaad1f24938c057b19fb5a0ee5"

esbuild-linux-ppc64le@0.15.8:
  version "0.15.8"
  resolved "https://registry.yarnpkg.com/esbuild-linux-ppc64le/-/esbuild-linux-ppc64le-0.15.8.tgz#98ea8cfae8227180b45b2d952b2cbb072900944f"

esbuild-linux-riscv64@0.15.8:
  version "0.15.8"
  resolved "https://registry.yarnpkg.com/esbuild-linux-riscv64/-/esbuild-linux-riscv64-0.15.8.tgz#6334607025eb449d8dd402d7810721dc15a6210f"

esbuild-linux-s390x@0.15.8:
  version "0.15.8"
  resolved "https://registry.yarnpkg.com/esbuild-linux-s390x/-/esbuild-linux-s390x-0.15.8.tgz#874f1a3507c32cce1d2ce0d2f28ac1496c094eab"

esbuild-netbsd-64@0.15.8:
  version "0.15.8"
  resolved "https://registry.yarnpkg.com/esbuild-netbsd-64/-/esbuild-netbsd-64-0.15.8.tgz#2e03d87ed811400d5d1fa8c7629b9fd97a574231"

esbuild-openbsd-64@0.15.8:
  version "0.15.8"
  resolved "https://registry.yarnpkg.com/esbuild-openbsd-64/-/esbuild-openbsd-64-0.15.8.tgz#8fdbc6399563ac61ff546449e2226a2b1477216c"

esbuild-sunos-64@0.15.8:
  version "0.15.8"
  resolved "https://registry.yarnpkg.com/esbuild-sunos-64/-/esbuild-sunos-64-0.15.8.tgz#db657b5c09c0c0161d67ddafca1b710a2e7ce96b"

esbuild-wasm@0.15.8:
  version "0.15.8"
  resolved "https://registry.yarnpkg.com/esbuild-wasm/-/esbuild-wasm-0.15.8.tgz#60fb8c5dc1a5538421857a2fa5fbb9eab908dcbb"

esbuild-windows-32@0.15.8:
  version "0.15.8"
  resolved "https://registry.yarnpkg.com/esbuild-windows-32/-/esbuild-windows-32-0.15.8.tgz#bbb9fe20a8b6bba4428642cacf45a0fb7b2f3783"

esbuild-windows-64@0.15.8:
  version "0.15.8"
  resolved "https://registry.yarnpkg.com/esbuild-windows-64/-/esbuild-windows-64-0.15.8.tgz#cedee65505209c8d371d7228b60785c08f43e04d"

esbuild-windows-arm64@0.15.8:
  version "0.15.8"
  resolved "https://registry.yarnpkg.com/esbuild-windows-arm64/-/esbuild-windows-arm64-0.15.8.tgz#1d75235290bf23a111e6c0b03febd324af115cb1"

esbuild@^0.15.6:
  version "0.15.8"
  resolved "https://registry.npmjs.org/esbuild/-/esbuild-0.15.8.tgz"
  optionalDependencies:
    "@esbuild/android-arm" "0.15.8"
    "@esbuild/linux-loong64" "0.15.8"
    esbuild-android-64 "0.15.8"
    esbuild-android-arm64 "0.15.8"
    esbuild-darwin-64 "0.15.8"
    esbuild-darwin-arm64 "0.15.8"
    esbuild-freebsd-64 "0.15.8"
    esbuild-freebsd-arm64 "0.15.8"
    esbuild-linux-32 "0.15.8"
    esbuild-linux-64 "0.15.8"
    esbuild-linux-arm "0.15.8"
    esbuild-linux-arm64 "0.15.8"
    esbuild-linux-mips64le "0.15.8"
    esbuild-linux-ppc64le "0.15.8"
    esbuild-linux-riscv64 "0.15.8"
    esbuild-linux-s390x "0.15.8"
    esbuild-netbsd-64 "0.15.8"
    esbuild-openbsd-64 "0.15.8"
    esbuild-sunos-64 "0.15.8"
    esbuild-windows-32 "0.15.8"
    esbuild-windows-64 "0.15.8"
    esbuild-windows-arm64 "0.15.8"

escalade@^3.1.1:
  version "3.1.1"
  resolved "https://registry.npmjs.org/escalade/-/escalade-3.1.1.tgz"

escape-string-regexp@^1.0.5:
  version "1.0.5"
  resolved "https://registry.npmjs.org/escape-string-regexp/-/escape-string-regexp-1.0.5.tgz"

ethjs-unit@0.1.6:
  version "0.1.6"
  resolved "https://registry.npmjs.org/ethjs-unit/-/ethjs-unit-0.1.6.tgz"
  dependencies:
    bn.js "4.11.6"
    number-to-bn "1.7.0"

follow-redirects@^1.14.7, follow-redirects@^1.14.9:
  version "1.15.2"
  resolved "https://registry.npmjs.org/follow-redirects/-/follow-redirects-1.15.2.tgz"

form-data@^4.0.0:
  version "4.0.0"
  resolved "https://registry.npmjs.org/form-data/-/form-data-4.0.0.tgz"
  dependencies:
    asynckit "^0.4.0"
    combined-stream "^1.0.8"
    mime-types "^2.1.12"

fp-ts@^2.11.1, fp-ts@^2.12.0:
  version "2.12.3"
  resolved "https://registry.npmjs.org/fp-ts/-/fp-ts-2.12.3.tgz"

fsevents@~2.3.2:
  version "2.3.2"
  resolved "https://registry.npmjs.org/fsevents/-/fsevents-2.3.2.tgz"

function-bind@^1.1.1:
  version "1.1.1"
  resolved "https://registry.npmjs.org/function-bind/-/function-bind-1.1.1.tgz"

gensync@^1.0.0-beta.2:
  version "1.0.0-beta.2"
  resolved "https://registry.npmjs.org/gensync/-/gensync-1.0.0-beta.2.tgz"

globals@^11.1.0:
  version "11.12.0"
  resolved "https://registry.npmjs.org/globals/-/globals-11.12.0.tgz"

has-flag@^3.0.0:
  version "3.0.0"
  resolved "https://registry.npmjs.org/has-flag/-/has-flag-3.0.0.tgz"

has@^1.0.3:
  version "1.0.3"
  resolved "https://registry.npmjs.org/has/-/has-1.0.3.tgz"
  dependencies:
    function-bind "^1.1.1"

ieee754@^1.2.1:
  version "1.2.1"
  resolved "https://registry.npmjs.org/ieee754/-/ieee754-1.2.1.tgz"

io-ts-reporters@^2.0.0:
  version "2.0.1"
  resolved "https://registry.npmjs.org/io-ts-reporters/-/io-ts-reporters-2.0.1.tgz"
  dependencies:
    "@scarf/scarf" "^1.1.1"

io-ts@^2.2.16:
  version "2.2.18"
  resolved "https://registry.npmjs.org/io-ts/-/io-ts-2.2.18.tgz"

is-core-module@^2.9.0:
  version "2.10.0"
  resolved "https://registry.npmjs.org/is-core-module/-/is-core-module-2.10.0.tgz"
  dependencies:
    has "^1.0.3"

is-hex-prefixed@1.0.0:
  version "1.0.0"
  resolved "https://registry.npmjs.org/is-hex-prefixed/-/is-hex-prefixed-1.0.0.tgz"

is-mobile@^3.1.1:
  version "3.1.1"
  resolved "https://registry.npmjs.org/is-mobile/-/is-mobile-3.1.1.tgz"

"js-tokens@^3.0.0 || ^4.0.0", js-tokens@^4.0.0:
  version "4.0.0"
  resolved "https://registry.npmjs.org/js-tokens/-/js-tokens-4.0.0.tgz"

jsesc@^2.5.1:
  version "2.5.2"
  resolved "https://registry.npmjs.org/jsesc/-/jsesc-2.5.2.tgz"

json5@^2.2.1:
  version "2.2.3"
  resolved "https://registry.npmjs.org/json5/-/json5-2.2.3.tgz"

jssha@3.2.0:
  version "3.2.0"
  resolved "https://registry.npmjs.org/jssha/-/jssha-3.2.0.tgz"

loose-envify@^1.1.0, loose-envify@^1.4.0:
  version "1.4.0"
  resolved "https://registry.npmjs.org/loose-envify/-/loose-envify-1.4.0.tgz"
  dependencies:
    js-tokens "^3.0.0 || ^4.0.0"

magic-string@^0.26.2:
  version "0.26.3"
  resolved "https://registry.npmjs.org/magic-string/-/magic-string-0.26.3.tgz"
  dependencies:
    sourcemap-codec "^1.4.8"

mime-db@1.52.0:
  version "1.52.0"
  resolved "https://registry.npmjs.org/mime-db/-/mime-db-1.52.0.tgz"

mime-types@^2.1.12:
  version "2.1.35"
  resolved "https://registry.npmjs.org/mime-types/-/mime-types-2.1.35.tgz"
  dependencies:
    mime-db "1.52.0"

ms@2.1.2:
  version "2.1.2"
  resolved "https://registry.npmjs.org/ms/-/ms-2.1.2.tgz"

nanoid@^3.3.4:
  version "3.3.4"
  resolved "https://registry.npmjs.org/nanoid/-/nanoid-3.3.4.tgz"

node-releases@^2.0.6:
  version "2.0.6"
  resolved "https://registry.npmjs.org/node-releases/-/node-releases-2.0.6.tgz"

number-to-bn@1.7.0:
  version "1.7.0"
  resolved "https://registry.npmjs.org/number-to-bn/-/number-to-bn-1.7.0.tgz"
  dependencies:
    bn.js "4.11.6"
    strip-hex-prefix "1.0.0"

object-assign@^4.1.1:
  version "4.1.1"
  resolved "https://registry.npmjs.org/object-assign/-/object-assign-4.1.1.tgz"

path-parse@^1.0.7:
  version "1.0.7"
  resolved "https://registry.npmjs.org/path-parse/-/path-parse-1.0.7.tgz"

picocolors@^1.0.0:
  version "1.0.0"
  resolved "https://registry.npmjs.org/picocolors/-/picocolors-1.0.0.tgz"

postcss@^8.4.16:
  version "8.4.16"
  resolved "https://registry.npmjs.org/postcss/-/postcss-8.4.16.tgz"
  dependencies:
    nanoid "^3.3.4"
    picocolors "^1.0.0"
    source-map-js "^1.0.2"

prop-types@^15.8.1:
  version "15.8.1"
  resolved "https://registry.npmjs.org/prop-types/-/prop-types-15.8.1.tgz"
  dependencies:
    loose-envify "^1.4.0"
    object-assign "^4.1.1"
    react-is "^16.13.1"

qr.js@0.0.0:
  version "0.0.0"
  resolved "https://registry.npmjs.org/qr.js/-/qr.js-0.0.0.tgz"

react-dom@^18.2.0:
  version "18.2.0"
  resolved "https://registry.npmjs.org/react-dom/-/react-dom-18.2.0.tgz"
  dependencies:
    loose-envify "^1.1.0"
    scheduler "^0.23.0"

react-is@^16.13.1:
  version "16.13.1"
  resolved "https://registry.npmjs.org/react-is/-/react-is-16.13.1.tgz"

react-qr-code@^2.0.8:
  version "2.0.8"
  resolved "https://registry.npmjs.org/react-qr-code/-/react-qr-code-2.0.8.tgz"
  dependencies:
    prop-types "^15.8.1"
    qr.js "0.0.0"

react-refresh@^0.14.0:
  version "0.14.0"
  resolved "https://registry.npmjs.org/react-refresh/-/react-refresh-0.14.0.tgz"

react-ton-x@^1.0.2:
  version "1.0.2"
  resolved "https://registry.npmjs.org/react-ton-x/-/react-ton-x-1.0.2.tgz"
  dependencies:
    ton-x "^2.0.0"

react@^18.2.0:
  version "18.2.0"
  resolved "https://registry.npmjs.org/react/-/react-18.2.0.tgz"
  dependencies:
    loose-envify "^1.1.0"

resolve@^1.22.1:
  version "1.22.1"
  resolved "https://registry.npmjs.org/resolve/-/resolve-1.22.1.tgz"
  dependencies:
    is-core-module "^2.9.0"
    path-parse "^1.0.7"
    supports-preserve-symlinks-flag "^1.0.0"

rollup@~2.78.0:
  version "2.78.1"
  resolved "https://registry.npmjs.org/rollup/-/rollup-2.78.1.tgz"
  optionalDependencies:
    fsevents "~2.3.2"

safe-buffer@~5.1.1:
  version "5.1.2"
  resolved "https://registry.npmjs.org/safe-buffer/-/safe-buffer-5.1.2.tgz"

scheduler@^0.23.0:
  version "0.23.0"
  resolved "https://registry.npmjs.org/scheduler/-/scheduler-0.23.0.tgz"
  dependencies:
    loose-envify "^1.1.0"

semver@^6.3.0:
  version "6.3.1"
  resolved "https://registry.yarnpkg.com/semver/-/semver-6.3.1.tgz#556d2ef8689146e46dcea4bfdd095f3434dffcb4"

source-map-js@^1.0.2:
  version "1.0.2"
  resolved "https://registry.npmjs.org/source-map-js/-/source-map-js-1.0.2.tgz"

sourcemap-codec@^1.4.8:
  version "1.4.8"
  resolved "https://registry.npmjs.org/sourcemap-codec/-/sourcemap-codec-1.4.8.tgz"

strip-hex-prefix@1.0.0:
  version "1.0.0"
  resolved "https://registry.npmjs.org/strip-hex-prefix/-/strip-hex-prefix-1.0.0.tgz"
  dependencies:
    is-hex-prefixed "1.0.0"

supports-color@^5.3.0:
  version "5.5.0"
  resolved "https://registry.npmjs.org/supports-color/-/supports-color-5.5.0.tgz"
  dependencies:
    has-flag "^3.0.0"

supports-preserve-symlinks-flag@^1.0.0:
  version "1.0.0"
  resolved "https://registry.npmjs.org/supports-preserve-symlinks-flag/-/supports-preserve-symlinks-flag-1.0.0.tgz"

symbol.inspect@1.0.1:
  version "1.0.1"
  resolved "https://registry.npmjs.org/symbol.inspect/-/symbol.inspect-1.0.1.tgz"

teslabot@^1.3.0, teslabot@^1.5.0:
  version "1.5.0"
  resolved "https://registry.npmjs.org/teslabot/-/teslabot-1.5.0.tgz"

to-fast-properties@^2.0.0:
  version "2.0.0"
  resolved "https://registry.npmjs.org/to-fast-properties/-/to-fast-properties-2.0.0.tgz"

ton-crypto-primitives@2.0.0:
  version "2.0.0"
  resolved "https://registry.npmjs.org/ton-crypto-primitives/-/ton-crypto-primitives-2.0.0.tgz"
  dependencies:
    jssha "3.2.0"

ton-crypto@2.1.0:
  version "2.1.0"
  resolved "https://registry.npmjs.org/ton-crypto/-/ton-crypto-2.1.0.tgz"
  dependencies:
    jssha "3.2.0"
    ton-crypto-primitives "2.0.0"
    tweetnacl "1.0.3"

ton-crypto@^3.0.0:
  version "3.2.0"
  resolved "https://registry.npmjs.org/ton-crypto/-/ton-crypto-3.2.0.tgz"
  dependencies:
    jssha "3.2.0"
    ton-crypto-primitives "2.0.0"
    tweetnacl "1.0.3"

ton-x@^2.0.0:
  version "2.0.0"
  resolved "https://registry.npmjs.org/ton-x/-/ton-x-2.0.0.tgz"
  dependencies:
    "@types/bn.js" "^5.1.0"
    axios "^0.27.0"
    bn.js "^5.2.0"
    fp-ts "^2.12.0"
    io-ts "^2.2.16"
    teslabot "^1.5.0"
    ton "9.8.0"
    ton-crypto "^3.0.0"

ton@9.8.0:
  version "9.8.0"
  resolved "https://registry.npmjs.org/ton/-/ton-9.8.0.tgz"
  dependencies:
    axios "^0.25.0"
    bn.js "5.2.0"
    dataloader "^2.0.0"
    ethjs-unit "0.1.6"
    fp-ts "^2.11.1"
    io-ts "^2.2.16"
    io-ts-reporters "^2.0.0"
    symbol.inspect "1.0.1"
    teslabot "^1.3.0"
    ton-crypto "2.1.0"
    tweetnacl "1.0.3"

ton@^12.1.3:
  version "12.1.3"
  resolved "https://registry.npmjs.org/ton/-/ton-12.1.3.tgz"
  dependencies:
    axios "^0.25.0"
    bn.js "5.2.0"
    dataloader "^2.0.0"
    ethjs-unit "0.1.6"
    fp-ts "^2.11.1"
    io-ts "^2.2.16"
    io-ts-reporters "^2.0.0"
    symbol.inspect "1.0.1"
    teslabot "^1.3.0"
    ton-crypto "2.1.0"
    tweetnacl "1.0.3"

tweetnacl@1.0.3:
  version "1.0.3"
  resolved "https://registry.npmjs.org/tweetnacl/-/tweetnacl-1.0.3.tgz"

typescript@^4.6.4:
  version "4.8.3"
  resolved "https://registry.npmjs.org/typescript/-/typescript-4.8.3.tgz"

update-browserslist-db@^1.0.9:
  version "1.0.9"
  resolved "https://registry.npmjs.org/update-browserslist-db/-/update-browserslist-db-1.0.9.tgz"
  dependencies:
    escalade "^3.1.1"
    picocolors "^1.0.0"

use-local-storage@^2.3.6:
  version "2.3.6"
  resolved "https://registry.npmjs.org/use-local-storage/-/use-local-storage-2.3.6.tgz"

use-sync-external-store@^1.2.0:
  version "1.2.0"
  resolved "https://registry.npmjs.org/use-sync-external-store/-/use-sync-external-store-1.2.0.tgz"

vite@^3.1.0:
  version "3.1.3"
  resolved "https://registry.npmjs.org/vite/-/vite-3.1.3.tgz"
  dependencies:
    esbuild "^0.15.6"
    postcss "^8.4.16"
    resolve "^1.22.1"
    rollup "~2.78.0"
  optionalDependencies:
    fsevents "~2.3.2"
